
Microsoft Visual Studio Solution File, Format Version 12.00
# Visual Studio Version 17
VisualStudioVersion = 17.1.32210.238
MinimumVisualStudioVersion = 10.0.40219.1
Project("{FAE04EC0-301F-11D3-BF4B-00C04F79EFBC}") = "DisconnectedCourseCRUD", "DisconnectedCourseCRUD\DisconnectedCourseCRUD.csproj", "{F178AA1A-3C8B-4CAC-8FA0-FDAB640EDB73}"
EndProject
Project("{FAE04EC0-301F-11D3-BF4B-00C04F79EFBC}") = "ThreeTierCourseCRUD", "ThreeTierCourseCRUD\ThreeTierCourseCRUD.csproj", "{AEB57960-11F8-4813-9610-2094201D53EA}"
EndProject
Global
	GlobalSection(SolutionConfigurationPlatforms) = preSolution
		Debug|Any CPU = Debug|Any CPU
		Release|Any CPU = Release|Any CPU
	EndGlobalSection
	GlobalSection(ProjectConfigurationPlatforms) = postSolution
		{F178AA1A-3C8B-4CAC-8FA0-FDAB640EDB73}.Debug|Any CPU.ActiveCfg = Debug|Any CPU
		{F178AA1A-3C8B-4CAC-8FA0-FDAB640EDB73}.Debug|Any CPU.Build.0 = Debug|Any CPU
		{F178AA1A-3C8B-4CAC-8FA0-FDAB640EDB73}.Release|Any CPU.ActiveCfg = Release|Any CPU
		{F178AA1A-3C8B-4CAC-8FA0-FDAB640EDB73}.Release|Any CPU.Build.0 = Release|Any CPU
		{AEB57960-11F8-4813-9610-2094201D53EA}.Debug|Any CPU.ActiveCfg = Debug|Any CPU
		{AEB57960-11F8-4813-9610-2094201D53EA}.Debug|Any CPU.Build.0 = Debug|Any CPU
		{AEB57960-11F8-4813-9610-2094201D53EA}.Release|Any CPU.ActiveCfg = Release|Any CPU
		{AEB57960-11F8-4813-9610-2094201D53EA}.Release|Any CPU.Build.0 = Release|Any CPU
	EndGlobalSection
	GlobalSection(SolutionProperties) = preSolution
		HideSolutionNode = FALSE
	EndGlobalSection
	GlobalSection(ExtensibilityGlobals) = postSolution
		SolutionGuid = {B1461722-6667-4A93-9CB7-DCC8CB592089}
	EndGlobalSection
EndGlobal
